{
  "version": "5",
  "specifiers": {
    "jsr:@std/assert@1": "1.0.15",
    "jsr:@std/internal@^1.0.12": "1.0.12",
    "npm:@types/readline-sync@^1.4.8": "1.4.8",
    "npm:@xboxreplay/xboxlive-auth@^5.1.0": "5.1.0",
    "npm:readline-sync@^1.4.10": "1.4.10"
  },
  "jsr": {
    "@std/assert@1.0.15": {
      "integrity": "d64018e951dbdfab9777335ecdb000c0b4e3df036984083be219ce5941e4703b",
      "dependencies": [
        "jsr:@std/internal"
      ]
    },
    "@std/internal@1.0.12": {
      "integrity": "972a634fd5bc34b242024402972cd5143eac68d8dffaca5eaa4dba30ce17b027"
    }
  },
  "npm": {
    "@types/readline-sync@1.4.8": {
      "integrity": "sha512-BL7xOf0yKLA6baAX6MMOnYkoflUyj/c7y3pqMRfU0va7XlwHAOTOIo4x55P/qLfMsuaYdJJKubToLqRVmRtRZA=="
    },
    "@xboxreplay/xboxlive-auth@5.1.0": {
      "integrity": "sha512-UngHHsehZbiTjyyNmo8HvdoUDKMID1U9uVfrpFWUK/2UxPuVTKy5n+CzZQ3S488sW5vOhgh0lHqqynT8ouwgvw=="
    },
    "readline-sync@1.4.10": {
      "integrity": "sha512-gNva8/6UAe8QYepIQH/jQ2qn91Qj0B9sYjMBBs3QOB8F2CXcKgLxQaJRP76sWVRQt+QU+8fAkCbCvjjMFu7Ycw=="
    }
  },
  "workspace": {
    "dependencies": [
      "jsr:@std/assert@1",
      "npm:@types/readline-sync@^1.4.8",
      "npm:@xboxreplay/xboxlive-auth@^5.1.0",
      "npm:readline-sync@^1.4.10"
    ]
  }
}
