{
    "name": "minecraft-windows-gdk-version-db",
    "lockfileVersion": 3,
    "requires": true,
    "packages": {
        "": {
            "dependencies": {
                "@types/readline-sync": "^1.4.8",
                "@xboxreplay/xboxlive-auth": "^5.1.0",
                "path": "^0.12.7",
                "readline-sync": "^1.4.10",
                "sodium-native": "^5.0.9"
            }
        },
        "node_modules/@types/readline-sync": {
            "version": "1.4.8",
            "resolved": "https://registry.npmjs.org/@types/readline-sync/-/readline-sync-1.4.8.tgz",
            "integrity": "sha512-BL7xOf0yKLA6baAX6MMOnYkoflUyj/c7y3pqMRfU0va7XlwHAOTOIo4x55P/qLfMsuaYdJJKubToLqRVmRtRZA==",
            "license": "MIT"
        },
        "node_modules/@xboxreplay/xboxlive-auth": {
            "version": "5.1.0",
            "resolved": "https://registry.npmjs.org/@xboxreplay/xboxlive-auth/-/xboxlive-auth-5.1.0.tgz",
            "integrity": "sha512-UngHHsehZbiTjyyNmo8HvdoUDKMID1U9uVfrpFWUK/2UxPuVTKy5n+CzZQ3S488sW5vOhgh0lHqqynT8ouwgvw==",
            "license": "Apache-2.0",
            "engines": {
                "node": ">=16.0.0"
            }
        },
        "node_modules/bare-addon-resolve": {
            "version": "1.9.5",
            "resolved": "https://registry.npmjs.org/bare-addon-resolve/-/bare-addon-resolve-1.9.5.tgz",
            "integrity": "sha512-XdqrG73zLK9LDfblOJwoAxmJ+7YdfRW4ex46+f4L+wPhk7H7LDrRMAbBw8s8jkxeEFpUenyB7QHnv0ErAWd3Yg==",
            "license": "Apache-2.0",
            "dependencies": {
                "bare-module-resolve": "^1.10.0",
                "bare-semver": "^1.0.0"
            },
            "peerDependencies": {
                "bare-url": "*"
            },
            "peerDependenciesMeta": {
                "bare-url": {
                    "optional": true
                }
            }
        },
        "node_modules/bare-module-resolve": {
            "version": "1.11.2",
            "resolved": "https://registry.npmjs.org/bare-module-resolve/-/bare-module-resolve-1.11.2.tgz",
            "integrity": "sha512-HIBu9WacMejg3Dz4X1v6lJjp7ECnwpujvuLub+8I7JJLRwJaGxWMzGYvieOoS9R1n5iRByvTmLtIdPbwjfRgiQ==",
            "license": "Apache-2.0",
            "dependencies": {
                "bare-semver": "^1.0.0"
            },
            "peerDependencies": {
                "bare-url": "*"
            },
            "peerDependenciesMeta": {
                "bare-url": {
                    "optional": true
                }
            }
        },
        "node_modules/bare-os": {
            "version": "3.6.2",
            "resolved": "https://registry.npmjs.org/bare-os/-/bare-os-3.6.2.tgz",
            "integrity": "sha512-T+V1+1srU2qYNBmJCXZkUY5vQ0B4FSlL3QDROnKQYOqeiQR8UbjNHlPa+TIbM4cuidiN9GaTaOZgSEgsvPbh5A==",
            "license": "Apache-2.0",
            "engines": {
                "bare": ">=1.14.0"
            }
        },
        "node_modules/bare-path": {
            "version": "3.0.0",
            "resolved": "https://registry.npmjs.org/bare-path/-/bare-path-3.0.0.tgz",
            "integrity": "sha512-tyfW2cQcB5NN8Saijrhqn0Zh7AnFNsnczRcuWODH0eYAXBsJ5gVxAUuNr7tsHSC6IZ77cA0SitzT+s47kot8Mw==",
            "license": "Apache-2.0",
            "dependencies": {
                "bare-os": "^3.0.1"
            }
        },
        "node_modules/bare-semver": {
            "version": "1.0.2",
            "resolved": "https://registry.npmjs.org/bare-semver/-/bare-semver-1.0.2.tgz",
            "integrity": "sha512-ESVaN2nzWhcI5tf3Zzcq9aqCZ676VWzqw07eEZ0qxAcEOAFYBa0pWq8sK34OQeHLY3JsfKXZS9mDyzyxGjeLzA==",
            "license": "Apache-2.0"
        },
        "node_modules/bare-url": {
            "version": "2.3.2",
            "resolved": "https://registry.npmjs.org/bare-url/-/bare-url-2.3.2.tgz",
            "integrity": "sha512-ZMq4gd9ngV5aTMa5p9+UfY0b3skwhHELaDkhEHetMdX0LRkW9kzaym4oo/Eh+Ghm0CCDuMTsRIGM/ytUc1ZYmw==",
            "license": "Apache-2.0",
            "dependencies": {
                "bare-path": "^3.0.0"
            }
        },
        "node_modules/inherits": {
            "version": "2.0.3",
            "resolved": "https://registry.npmjs.org/inherits/-/inherits-2.0.3.tgz",
            "integrity": "sha512-x00IRNXNy63jwGkJmzPigoySHbaqpNuzKbBOmzK+g2OdZpQ9w+sxCN+VSB3ja7IAge2OP2qpfxTjeNcyjmW1uw==",
            "license": "ISC"
        },
        "node_modules/path": {
            "version": "0.12.7",
            "resolved": "https://registry.npmjs.org/path/-/path-0.12.7.tgz",
            "integrity": "sha512-aXXC6s+1w7otVF9UletFkFcDsJeO7lSZBPUQhtb5O0xJe8LtYhj/GxldoL09bBj9+ZmE2hNoHqQSFMN5fikh4Q==",
            "license": "MIT",
            "dependencies": {
                "process": "^0.11.1",
                "util": "^0.10.3"
            }
        },
        "node_modules/process": {
            "version": "0.11.10",
            "resolved": "https://registry.npmjs.org/process/-/process-0.11.10.tgz",
            "integrity": "sha512-cdGef/drWFoydD1JsMzuFf8100nZl+GT+yacc2bEced5f9Rjk4z+WtFUTBu9PhOi9j/jfmBPu0mMEY4wIdAF8A==",
            "license": "MIT",
            "engines": {
                "node": ">= 0.6.0"
            }
        },
        "node_modules/readline-sync": {
            "version": "1.4.10",
            "resolved": "https://registry.npmjs.org/readline-sync/-/readline-sync-1.4.10.tgz",
            "integrity": "sha512-gNva8/6UAe8QYepIQH/jQ2qn91Qj0B9sYjMBBs3QOB8F2CXcKgLxQaJRP76sWVRQt+QU+8fAkCbCvjjMFu7Ycw==",
            "license": "MIT",
            "engines": {
                "node": ">= 0.8.0"
            }
        },
        "node_modules/require-addon": {
            "version": "1.1.0",
            "resolved": "https://registry.npmjs.org/require-addon/-/require-addon-1.1.0.tgz",
            "integrity": "sha512-KbXAD5q2+v1GJnkzd8zzbOxchTkStSyJZ9QwoCq3QwEXAaIlG3wDYRZGzVD357jmwaGY7hr5VaoEAL0BkF0Kvg==",
            "license": "Apache-2.0",
            "dependencies": {
                "bare-addon-resolve": "^1.3.0",
                "bare-url": "^2.1.0"
            },
            "engines": {
                "bare": ">=1.10.0"
            }
        },
        "node_modules/sodium-native": {
            "version": "5.0.9",
            "resolved": "https://registry.npmjs.org/sodium-native/-/sodium-native-5.0.9.tgz",
            "integrity": "sha512-6fpu3d6zdrRpLhuV3CDIBO5g90KkgaeR+c3xvDDz0ZnDkAlqbbPhFW7zhMJfsskfZ9SuC3SvBbqvxcECkXRyKw==",
            "license": "MIT",
            "dependencies": {
                "require-addon": "^1.1.0",
                "which-runtime": "^1.2.1"
            },
            "engines": {
                "bare": ">=1.16.0"
            }
        },
        "node_modules/util": {
            "version": "0.10.4",
            "resolved": "https://registry.npmjs.org/util/-/util-0.10.4.tgz",
            "integrity": "sha512-0Pm9hTQ3se5ll1XihRic3FDIku70C+iHUdT/W926rSgHV5QgXsYbKZN8MSC3tJtSkhuROzvsQjAaFENRXr+19A==",
            "license": "MIT",
            "dependencies": {
                "inherits": "2.0.3"
            }
        },
        "node_modules/which-runtime": {
            "version": "1.3.2",
            "resolved": "https://registry.npmjs.org/which-runtime/-/which-runtime-1.3.2.tgz",
            "integrity": "sha512-5kwCfWml7+b2NO7KrLMhYihjRx0teKkd3yGp1Xk5Vaf2JGdSh+rgVhEALAD9c/59dP+YwJHXoEO7e8QPy7gOkw==",
            "license": "Apache-2.0"
        }
    }
}
